
Microsoft Visual Studio Solution File, Format Version 12.00
Project("{FAE04EC0-301F-11D3-BF4B-00C04F79EFBC}") = "PairProgrammer", "PairProgrammer\PairProgrammer.csproj", "{0E00A538-943F-4AEA-B307-A145C544D0F0}"
EndProject
Project("{FAE04EC0-301F-11D3-BF4B-00C04F79EFBC}") = "PairProgrammer.Tests", "PairProgrammer.Tests\PairProgrammer.Tests.csproj", "{5425A996-9DC8-46CA-8D07-D01FEA7CB372}"
EndProject
Global
	GlobalSection(SolutionConfigurationPlatforms) = preSolution
		Debug|Any CPU = Debug|Any CPU
		Release|Any CPU = Release|Any CPU
	EndGlobalSection
	GlobalSection(ProjectConfigurationPlatforms) = postSolution
		{0E00A538-943F-4AEA-B307-A145C544D0F0}.Debug|Any CPU.ActiveCfg = Debug|Any CPU
		{0E00A538-943F-4AEA-B307-A145C544D0F0}.Debug|Any CPU.Build.0 = Debug|Any CPU
		{0E00A538-943F-4AEA-B307-A145C544D0F0}.Release|Any CPU.ActiveCfg = Release|Any CPU
		{0E00A538-943F-4AEA-B307-A145C544D0F0}.Release|Any CPU.Build.0 = Release|Any CPU
		{5425A996-9DC8-46CA-8D07-D01FEA7CB372}.Debug|Any CPU.ActiveCfg = Debug|Any CPU
		{5425A996-9DC8-46CA-8D07-D01FEA7CB372}.Debug|Any CPU.Build.0 = Debug|Any CPU
		{5425A996-9DC8-46CA-8D07-D01FEA7CB372}.Release|Any CPU.ActiveCfg = Release|Any CPU
		{5425A996-9DC8-46CA-8D07-D01FEA7CB372}.Release|Any CPU.Build.0 = Release|Any CPU
	EndGlobalSection
EndGlobal
